
Microsoft Visual Studio Solution File, Format Version 12.00
# Visual Studio Version 17
VisualStudioVersion = 17.0.32014.148
MinimumVisualStudioVersion = 10.0.40219.1
Project("{FAE04EC0-301F-11D3-BF4B-00C04F79EFBC}") = "biblioProjet", "biblioProjet\biblioProjet.csproj", "{428AEFA1-F20F-4B2C-A52A-39D0DF767B2E}"
EndProject
Global
	GlobalSection(SolutionConfigurationPlatforms) = preSolution
		Debug|Any CPU = Debug|Any CPU
		Release|Any CPU = Release|Any CPU
	EndGlobalSection
	GlobalSection(ProjectConfigurationPlatforms) = postSolution
		{428AEFA1-F20F-4B2C-A52A-39D0DF767B2E}.Debug|Any CPU.ActiveCfg = Debug|Any CPU
		{428AEFA1-F20F-4B2C-A52A-39D0DF767B2E}.Debug|Any CPU.Build.0 = Debug|Any CPU
		{428AEFA1-F20F-4B2C-A52A-39D0DF767B2E}.Release|Any CPU.ActiveCfg = Release|Any CPU
		{428AEFA1-F20F-4B2C-A52A-39D0DF767B2E}.Release|Any CPU.Build.0 = Release|Any CPU
	EndGlobalSection
	GlobalSection(SolutionProperties) = preSolution
		HideSolutionNode = FALSE
	EndGlobalSection
	GlobalSection(ExtensibilityGlobals) = postSolution
		SolutionGuid = {C7BCBED6-BA77-442C-A786-EF9E96FF8F3C}
	EndGlobalSection
EndGlobal
